# This file is automatically @generated by Cargo.
# It is not intended for manual editing.
version = 4

[[package]]
name = "aligned"
version = "0.4.3"
source = "registry+https://github.com/rust-lang/crates.io-index"
checksum = "ee4508988c62edf04abd8d92897fca0c2995d907ce1dfeaf369dac3716a40685"
dependencies = [
 "as-slice",
]

[[package]]
name = "aligned-vec"
version = "0.6.4"
source = "registry+https://github.com/rust-lang/crates.io-index"
checksum = "dc890384c8602f339876ded803c97ad529f3842aba97f6392b3dba0dd171769b"
dependencies = [
 "equator",
]

[[package]]
name = "almost-enough"
version = "0.4.4"
source = "registry+https://github.com/rust-lang/crates.io-index"
checksum = "a2040cad221332dbe816267e6f2b55032f53a297ceb4d97f8e612df471aa6dbc"
dependencies = [
 "enough",
]

[[package]]
name = "anyhow"
version = "1.0.104"
source = "registry+https://github.com/rust-lang/crates.io-index"
checksum = "330a5ed07fa54e4702c9d6c4174f74427fc0ef6e214bbd677ae50a5099946470"

[[package]]
name = "arbitrary"
version = "1.4.2"
source = "registry+https://github.com/rust-lang/crates.io-index"
checksum = "c3d036a3c4ab069c7b410a2ce876bd74808d2d0888a82667669f8e783a898bf1"
dependencies = [
 "derive_arbitrary",
]

[[package]]
name = "archmage"
version = "0.9.28"
source = "registry+https://github.com/rust-lang/crates.io-index"
checksum = "802588500749f8792342d51afe283f42a7ab6baeb3c5334b62c3c48855a2ec20"
dependencies = [
 "archmage-macros",
 "safe_unaligned_simd",
 "winarm-cpufeatures",
]

[[package]]
name = "archmage-macros"
version = "0.9.28"
source = "registry+https://github.com/rust-lang/crates.io-index"
checksum = "f6e6c957fc425c4e22da4abc86b3341df09672079df466de138b6b0608a6cfd2"
dependencies = [
 "proc-macro2",
 "quote",
 "syn 2.0.119",
]

[[package]]
name = "arg_enum_proc_macro"
version = "0.3.4"
source = "registry+https://github.com/rust-lang/crates.io-index"
checksum = "0ae92a5119aa49cdbcf6b9f893fe4e1d98b04ccbf82ee0584ad948a44a734dea"
dependencies = [
 "proc-macro2",
 "quote",
 "syn 2.0.119",
]

[[package]]
name = "array-init"
version = "2.1.0"
source = "registry+https://github.com/rust-lang/crates.io-index"
checksum = "3d62b7694a562cdf5a74227903507c56ab2cc8bdd1f781ed5cb4cf9c9f810bfc"

[[package]]
name = "arrayvec"
version = "0.7.8"
source = "registry+https://github.com/rust-lang/crates.io-index"
checksum = "d3fb67a6e08acf24fdeccbac2cb6ac4305825bd1f117462e0e6f2f193345ad56"

[[package]]
name = "as-slice"
version = "0.2.1"
source = "registry+https://github.com/rust-lang/crates.io-index"
checksum = "516b6b4f0e40d50dcda9365d53964ec74560ad4284da2e7fc97122cd83174516"
dependencies = [
 "stable_deref_trait",
]

[[package]]
name = "assert_matches"
version = "1.5.0"
source = "registry+https://github.com/rust-lang/crates.io-index"
checksum = "9b34d609dfbaf33d6889b2b7106d3ca345eacad44200913df5ba02bfd31d2ba9"

[[package]]
name = "atomic_refcell"
version = "0.1.14"
source = "registry+https://github.com/rust-lang/crates.io-index"
checksum = "21e4227379beff4205943696e6c3e0cd809bacdf3f0edd6e3dd153e2269571a4"

[[package]]
name = "atomig"
version = "0.4.3"
source = "registry+https://github.com/rust-lang/crates.io-index"
checksum = "cd0f41f4bb89f5c6450325e283fb78c4a3d042181b54f3855ee2f872919f9863"
dependencies = [
 "atomig-macro",
]

[[package]]
name = "atomig-macro"
version = "0.4.0"
source = "registry+https://github.com/rust-lang/crates.io-index"
checksum = "49c98dba06b920588de7d63f6acc23f1e6a9fade5fd6198e564506334fb5a4f5"
dependencies = [
 "proc-macro2",
 "quote",
 "syn 2.0.119",
]

[[package]]
name = "autocfg"
version = "1.5.1"
source = "registry+https://github.com/rust-lang/crates.io-index"
checksum = "f2032f911046de80f0a198e0901378627c33f59ea0ac00e363d481118bd70a53"

[[package]]
name = "av1-grain"
version = "0.2.5"
source = "registry+https://github.com/rust-lang/crates.io-index"
checksum = "8cfddb07216410377231960af4fcab838eaa12e013417781b78bd95ee22077f8"
dependencies = [
 "anyhow",
 "arrayvec",
 "log",
]

[[package]]
name = "bitflags"
version = "2.13.1"
source = "registry+https://github.com/rust-lang/crates.io-index"
checksum = "b588b76d00fde79687d7646a9b5bdf3cc0f655e0bbd080335a95d7e96f3587da"

[[package]]
name = "bitreader"
version = "0.3.11"
source = "registry+https://github.com/rust-lang/crates.io-index"
checksum = "886559b1e163d56c765bc3a985febb4eee8009f625244511d8ee3c432e08c066"
dependencies = [
 "cfg-if",
]

[[package]]
name = "bitstream-io"
version = "4.10.0"
source = "registry+https://github.com/rust-lang/crates.io-index"
checksum = "7eff00be299a18769011411c9def0d827e8f2d7bf0c3dbf53633147a8867fd1f"
dependencies = [
 "no_std_io2",
]

[[package]]
name = "built"
version = "0.8.1"
source = "registry+https://github.com/rust-lang/crates.io-index"
checksum = "5c0e531d93d39c34eef561e929e8a7f86d77a5af08aac4f6d6e39976c51858e9"

[[package]]
name = "bumpalo"
version = "3.20.3"
source = "registry+https://github.com/rust-lang/crates.io-index"
checksum = "72f5acc6cb2ba439de613abc23857ec3d78374d8ed5ac84e9d11336e87da8649"

[[package]]
name = "bytemuck"
version = "1.25.2"
source = "registry+https://github.com/rust-lang/crates.io-index"
checksum = "95832e849adfb21180ccb6826a99da14e5d266ae5c2e668e1602cf234f153797"
dependencies = [
 "bytemuck_derive",
]

[[package]]
name = "bytemuck_derive"
version = "1.12.0"
source = "registry+https://github.com/rust-lang/crates.io-index"
checksum = "fc0e56a716f1e132ff6bf4bdac1c944a3fcdc1cae65f70a4a2a1ac3b401d2d1f"
dependencies = [
 "proc-macro2",
 "quote",
 "syn 3.0.4",
]

[[package]]
name = "byteorder"
version = "1.5.0"
source = "registry+https://github.com/rust-lang/crates.io-index"
checksum = "1fd0f2584146f6f2ef48085050886acf353beff7305ebd1ae69500e27c67f64b"

[[package]]
name = "byteorder-lite"
version = "0.1.0"
source = "registry+https://github.com/rust-lang/crates.io-index"
checksum = "8f1fe948ff07f4bd06c30984e69f5b4899c516a3ef74f34df92a2df2ab535495"

[[package]]
name = "cc"
version = "1.4.4"
source = "registry+https://github.com/rust-lang/crates.io-index"
checksum = "0ad534f4357a5264cce5019c989cf66a4f0dc4e0d1b1d15f8aacec0ff7360273"
dependencies = [
 "find-msvc-tools",
 "jobserver",
 "libc",
 "shlex",
]

[[package]]
name = "cfg-if"
version = "1.0.4"
source = "registry+https://github.com/rust-lang/crates.io-index"
checksum = "9330f8b2ff13f34540b44e946ef35111825727b38d33286ef986142615121801"

[[package]]
name = "codec-corpus"
version = "1.1.0"
dependencies = [
 "dirs",
 "fd-lock",
 "serde",
 "serde_json",
]

[[package]]
name = "crunchy"
version = "0.2.4"
source = "registry+https://github.com/rust-lang/crates.io-index"
checksum = "460fbee9c2c2f33933d720630a6a0bac33ba7053db5344fac858d4b8952d77d5"

[[package]]
name = "derive_arbitrary"
version = "1.4.2"
source = "registry+https://github.com/rust-lang/crates.io-index"
checksum = "1e567bd82dcff979e4b03460c307b3cdc9e96fde3d73bed1496d2bc75d9dd62a"
dependencies = [
 "proc-macro2",
 "quote",
 "syn 2.0.119",
]

[[package]]
name = "dirs"
version = "6.0.0"
source = "registry+https://github.com/rust-lang/crates.io-index"
checksum = "c3e8aa94d75141228480295a7d0e7feb620b1a5ad9f12bc40be62411e38cce4e"
dependencies = [
 "dirs-sys",
]

[[package]]
name = "dirs-sys"
version = "0.5.0"
source = "registry+https://github.com/rust-lang/crates.io-index"
checksum = "e01a3366d27ee9890022452ee61b2b63a67e6f13f58900b651ff5665f0bb1fab"
dependencies = [
 "libc",
 "option-ext",
 "redox_users",
 "windows-sys 0.61.2",
]

[[package]]
name = "either"
version = "1.18.0"
source = "registry+https://github.com/rust-lang/crates.io-index"
checksum = "252afb9ae5eaa683babdc6a068b3f5726eb19e05070c731f9b2a23a7c3e8ed34"

[[package]]
name = "enough"
version = "0.4.4"
source = "registry+https://github.com/rust-lang/crates.io-index"
checksum = "f8e1bd41ecce82c300d0c84fa35b080fa6db50a5398b18f1abf0357bb067549e"

[[package]]
name = "equator"
version = "0.4.2"
source = "registry+https://github.com/rust-lang/crates.io-index"
checksum = "4711b213838dfee0117e3be6ac926007d7f433d7bbe33595975d4190cb07e6fc"
dependencies = [
 "equator-macro",
]

[[package]]
name = "equator-macro"
version = "0.4.2"
source = "registry+https://github.com/rust-lang/crates.io-index"
checksum = "44f23cf4b44bfce11a86ace86f8a73ffdec849c9fd00a386a53d278bd9e81fb3"
dependencies = [
 "proc-macro2",
 "quote",
 "syn 2.0.119",
]

[[package]]
name = "errno"
version = "0.3.14"
source = "registry+https://github.com/rust-lang/crates.io-index"
checksum = "39cab71617ae0d63f51a36d69f866391735b51691dbda63cf6f96d042b63efeb"
dependencies = [
 "libc",
 "windows-sys 0.61.2",
]

[[package]]
name = "fallible_collections"
version = "0.5.2"
source = "registry+https://github.com/rust-lang/crates.io-index"
checksum = "dab93c7205280c4785c44517fe84d99751b81f6deb8450cb196da6be88e332bb"

[[package]]
name = "fd-lock"
version = "4.0.4"
source = "registry+https://github.com/rust-lang/crates.io-index"
checksum = "0ce92ff622d6dadf7349484f42c93271a0d49b7cc4d466a936405bacbe10aa78"
dependencies = [
 "cfg-if",
 "rustix",
 "windows-sys 0.59.0",
]

[[package]]
name = "find-msvc-tools"
version = "0.1.11"
source = "registry+https://github.com/rust-lang/crates.io-index"
checksum = "d45db016d36b838f563236e9193d0ee6ce38f3f68b6c94e914b4929c96bbb890"

[[package]]
name = "foldhash"
version = "0.2.0"
source = "registry+https://github.com/rust-lang/crates.io-index"
checksum = "77ce24cb58228fbb8aa041425bb1050850ac19177686ea6e0f41a70416f56fdb"

[[package]]
name = "garb"
version = "0.2.8"
source = "registry+https://github.com/rust-lang/crates.io-index"
checksum = "8b968bb36272be4662f264fd123e96915e7dd51c8ca529c2d35f621817ff4207"
dependencies = [
 "archmage",
 "bytemuck",
 "paste",
]

[[package]]
name = "getrandom"
version = "0.2.17"
source = "registry+https://github.com/rust-lang/crates.io-index"
checksum = "ff2abc00be7fca6ebc474524697ae276ad847ad0a6b3faa4bcb027e9a4614ad0"
dependencies = [
 "cfg-if",
 "libc",
 "wasi",
]

[[package]]
name = "getrandom"
version = "0.3.4"
source = "registry+https://github.com/rust-lang/crates.io-index"
checksum = "899def5c37c4fd7b2664648c28120ecec138e4d395b459e5ca34f9cce2dd77fd"
dependencies = [
 "cfg-if",
 "libc",
 "r-efi 5.3.0",
 "wasip2",
]

[[package]]
name = "getrandom"
version = "0.4.3"
source = "registry+https://github.com/rust-lang/crates.io-index"
checksum = "300e883d756b2e4ec94e02791f39b04b522276138852cfc41d9fb7e904106099"
dependencies = [
 "cfg-if",
 "libc",
 "r-efi 6.0.0",
]

[[package]]
name = "gif"
version = "0.14.2"
source = "registry+https://github.com/rust-lang/crates.io-index"
checksum = "ee8cfcc411d9adbbaba82fb72661cc1bcca13e8bba98b364e62b2dba8f960159"
dependencies = [
 "weezl",
]

[[package]]
name = "half"
version = "2.7.1"
source = "registry+https://github.com/rust-lang/crates.io-index"
checksum = "6ea2d84b969582b4b1864a92dc5d27cd2b77b622a8d79306834f1be5ba20d84b"
dependencies = [
 "cfg-if",
 "crunchy",
 "zerocopy",
]

[[package]]
name = "hashbrown"
version = "0.16.1"
source = "registry+https://github.com/rust-lang/crates.io-index"
checksum = "841d1cc9bed7f9236f321df977030373f4a4163ae1a7dbfe1a51a2c1a51d9100"
dependencies = [
 "foldhash",
]

[[package]]
name = "heck"
version = "0.5.0"
source = "registry+https://github.com/rust-lang/crates.io-index"
checksum = "2304e00983f87ffb38b55b444b5e3b60a884b5d30c0fca7d82fe33449bbe55ea"

[[package]]
name = "imgref"
version = "1.12.3"
source = "registry+https://github.com/rust-lang/crates.io-index"
checksum = "6e44b0a4eaa4c82f441d50a963f2d5f05a787240aeee097597033e72accfd22f"

[[package]]
name = "interpolate_name"
version = "0.2.4"
source = "registry+https://github.com/rust-lang/crates.io-index"
checksum = "c34819042dc3d3971c46c2190835914dfbe0c3c13f61449b2997f4e9722dfa60"
dependencies = [
 "proc-macro2",
 "quote",
 "syn 2.0.119",
]

[[package]]
name = "itertools"
version = "0.14.0"
source = "registry+https://github.com/rust-lang/crates.io-index"
checksum = "2b192c782037fadd9cfa75548310488aabdbf3d2da73885b31bd0abd03351285"
dependencies = [
 "either",
]

[[package]]
name = "itoa"
version = "1.0.18"
source = "registry+https://github.com/rust-lang/crates.io-index"
checksum = "8f42a60cbdf9a97f5d2305f08a87dc4e09308d1276d28c869c684d7777685682"

[[package]]
name = "jobserver"
version = "0.1.35"
source = "registry+https://github.com/rust-lang/crates.io-index"
checksum = "1c00acbd29eabad4a2392fa0e921c874934dbbf4194312ad20f04a0ed67a3cb3"
dependencies = [
 "getrandom 0.4.3",
 "libc",
]

[[package]]
name = "leb128"
version = "0.2.7"
source = "registry+https://github.com/rust-lang/crates.io-index"
checksum = "c83bff1d572d6b9aeef67ddfc8448e4a3737909cb28e81f97c791b9018703e52"

[[package]]
name = "libc"
version = "0.2.189"
source = "registry+https://github.com/rust-lang/crates.io-index"
checksum = "3eaf3ede3fee6db1a4c2ee091bf8a8b4dccdc6d17f656fb07896ee72867612f2"

[[package]]
name = "libfuzzer-sys"
version = "0.4.13"
source = "registry+https://github.com/rust-lang/crates.io-index"
checksum = "a9fd2f41a1cba099f79a0b6b6c35656cf7c03351a7bae8ff0f28f25270f929d2"
dependencies = [
 "arbitrary",
 "cc",
]

[[package]]
name = "libm"
version = "0.2.16"
source = "registry+https://github.com/rust-lang/crates.io-index"
checksum = "b6d2cec3eae94f9f509c767b45932f1ada8350c4bdb85af2fcab4a3c14807981"

[[package]]
name = "libredox"
version = "0.1.21"
source = "registry+https://github.com/rust-lang/crates.io-index"
checksum = "d7955dfc218a8afb29dfeffd540e3a6e96baeb94fe7138228dd7cc6937fbbf96"
dependencies = [
 "libc",
]

[[package]]
name = "linear-srgb"
version = "0.6.12"
source = "registry+https://github.com/rust-lang/crates.io-index"
checksum = "fe0e61c33d85bc56dcaf27cdf48ca32b8e34af7236584eb1d8a47316c49e0be1"
dependencies = [
 "archmage",
 "bytemuck",
 "magetypes",
 "num-traits",
]

[[package]]
name = "linux-raw-sys"
version = "0.12.1"
source = "registry+https://github.com/rust-lang/crates.io-index"
checksum = "32a66949e030da00e8c7d4434b251670a91556f4144941d37452769c25d58a53"

[[package]]
name = "lock_api"
version = "0.4.14"
source = "registry+https://github.com/rust-lang/crates.io-index"
checksum = "224399e74b87b5f3557511d98dff8b14089b3dadafcab6bb93eab67d3aace965"
dependencies = [
 "scopeguard",
]

[[package]]
name = "log"
version = "0.4.34"
source = "registry+https://github.com/rust-lang/crates.io-index"
checksum = "f9f8bd3e56ce4dfc153cf470fffbfa98c7620958b312ca5c3a4b8d5181fd13c6"

[[package]]
name = "loop9"
version = "0.1.5"
source = "registry+https://github.com/rust-lang/crates.io-index"
checksum = "0fae87c125b03c1d2c0150c90365d7d6bcc53fb73a9acaef207d2d065860f062"
dependencies = [
 "imgref",
]

[[package]]
name = "lz4_flex"
version = "0.13.1"
source = "registry+https://github.com/rust-lang/crates.io-index"
checksum = "7ef0d4ed8669f8f8826eb00dc878084aa8f253506c4fd5e8f58f5bce72ddb97e"

[[package]]
name = "magetypes"
version = "0.9.28"
source = "registry+https://github.com/rust-lang/crates.io-index"
checksum = "0b3e01b6a29880b694607d95eb01da6bf71a291c545a560c5255c26e02a35413"
dependencies = [
 "archmage",
 "rustversion",
]

[[package]]
name = "maybe-rayon"
version = "0.1.1"
source = "registry+https://github.com/rust-lang/crates.io-index"
checksum = "8ea1f30cedd69f0a2954655f7188c6a834246d2bcf1e315e2ac40c4b24dc9519"
dependencies = [
 "cfg-if",
]

[[package]]
name = "memchr"
version = "2.8.3"
source = "registry+https://github.com/rust-lang/crates.io-index"
checksum = "cf8baf1c55e62ffcace7a9f06f4bd9cd3f0c4beb022d3b367256b91b87513d98"

[[package]]
name = "moxcms"
version = "0.9.0"
source = "registry+https://github.com/rust-lang/crates.io-index"
checksum = "aee701c0ffba6cc991c0fefda5ff5fca1bd2f2f4a928ffba9f825b9afceedbc3"
dependencies = [
 "num-traits",
 "pxfm",
]

[[package]]
name = "nasm-rs"
version = "0.3.2"
source = "registry+https://github.com/rust-lang/crates.io-index"
checksum = "706bf8a5e8c8ddb99128c3291d31bd21f4bcde17f0f4c20ec678d85c74faa149"
dependencies = [
 "jobserver",
 "log",
]

[[package]]
name = "no_std_io2"
version = "0.9.4"
source = "registry+https://github.com/rust-lang/crates.io-index"
checksum = "418abd1b6d34fbf6cae440dc874771b0525a604428704c76e48b29a5e67b8003"
dependencies = [
 "memchr",
]

[[package]]
name = "noop_proc_macro"
version = "0.3.0"
source = "registry+https://github.com/rust-lang/crates.io-index"
checksum = "0676bb32a98c1a483ce53e500a81ad9c3d5b3f7c920c28c24e9cb0980d0b5bc8"

[[package]]
name = "num-derive"
version = "0.4.2"
source = "registry+https://github.com/rust-lang/crates.io-index"
checksum = "ed3955f1a9c7c0c15e092f9c887db08b1fc683305fdf6eb6684f22555355e202"
dependencies = [
 "proc-macro2",
 "quote",
 "syn 2.0.119",
]

[[package]]
name = "num-traits"
version = "0.2.19"
source = "registry+https://github.com/rust-lang/crates.io-index"
checksum = "071dfc062690e90b734c0b2273ce72ad0ffa95f0c74596bc250dcfd960262841"
dependencies = [
 "autocfg",
 "libm",
]

[[package]]
name = "once_cell"
version = "1.21.4"
source = "registry+https://github.com/rust-lang/crates.io-index"
checksum = "9f7c3e4beb33f85d45ae3e3a1792185706c8e16d043238c593331cc7cd313b50"

[[package]]
name = "option-ext"
version = "0.2.0"
source = "registry+https://github.com/rust-lang/crates.io-index"
checksum = "04744f49eae99ab78e0d5c0b603ab218f515ea8cfe5a456d7629ad883a3b6e7d"

[[package]]
name = "parking_lot"
version = "0.12.5"
source = "registry+https://github.com/rust-lang/crates.io-index"
checksum = "93857453250e3077bd71ff98b6a65ea6621a19bb0f559a85248955ac12c45a1a"
dependencies = [
 "lock_api",
 "parking_lot_core",
]

[[package]]
name = "parking_lot_core"
version = "0.9.12"
source = "registry+https://github.com/rust-lang/crates.io-index"
checksum = "2621685985a2ebf1c516881c026032ac7deafcda1a2c9b7850dc81e3dfcb64c1"
dependencies = [
 "cfg-if",
 "libc",
 "redox_syscall",
 "smallvec",
 "windows-link",
]

[[package]]
name = "paste"
version = "1.0.15"
source = "registry+https://github.com/rust-lang/crates.io-index"
checksum = "57c0d7b74b563b49d38dae00a0c37d4d6de9b432382b2892f0574ddcae73fd0a"

[[package]]
name = "pastey"
version = "0.1.1"
source = "registry+https://github.com/rust-lang/crates.io-index"
checksum = "35fb2e5f958ec131621fdd531e9fc186ed768cbe395337403ae56c17a74c68ec"

[[package]]
name = "ppv-lite86"
version = "0.2.21"
source = "registry+https://github.com/rust-lang/crates.io-index"
checksum = "85eae3c4ed2f50dcfe72643da4befc30deadb458a9b590d720cde2f2b1e97da9"
dependencies = [
 "zerocopy",
]

[[package]]
name = "proc-macro2"
version = "1.0.107"
source = "registry+https://github.com/rust-lang/crates.io-index"
checksum = "985e7ec9bb745e6ce6535b544d84d6cd6f7ad8bd711c398938ae983b91a766d9"
dependencies = [
 "unicode-ident",
]

[[package]]
name = "profiling"
version = "1.0.18"
source = "registry+https://github.com/rust-lang/crates.io-index"
checksum = "3d595e54a326bc53c1c197b32d295e14b169e3cfeaa8dc82b529f947fba6bcf5"
dependencies = [
 "profiling-procmacros",
]

[[package]]
name = "profiling-procmacros"
version = "1.0.18"
source = "registry+https://github.com/rust-lang/crates.io-index"
checksum = "4488a4a36b9a4ba6b9334a32a39971f77c1436ec82c38707bce707699cc3bbcb"
dependencies = [
 "quote",
 "syn 2.0.119",
]

[[package]]
name = "pxfm"
version = "0.1.30"
source = "registry+https://github.com/rust-lang/crates.io-index"
checksum = "d55d956fa96f5ec02be2e13af0e20391a5aa83d6a074e3ad368959d0fab299ea"

[[package]]
name = "quick-error"
version = "2.0.1"
source = "registry+https://github.com/rust-lang/crates.io-index"
checksum = "a993555f31e5a609f617c12db6250dedcac1b0a85076912c436e6fc9b2c8e6a3"

[[package]]
name = "quote"
version = "1.0.47"
source = "registry+https://github.com/rust-lang/crates.io-index"
checksum = "1fbf4db142a473a8d80c26bbf18454ed458bf8d26c8219c331daecfdbd079001"
dependencies = [
 "proc-macro2",
]

[[package]]
name = "r-efi"
version = "5.3.0"
source = "registry+https://github.com/rust-lang/crates.io-index"
checksum = "69cdb34c158ceb288df11e18b4bd39de994f6657d83847bdffdbd7f346754b0f"

[[package]]
name = "r-efi"
version = "6.0.0"
source = "registry+https://github.com/rust-lang/crates.io-index"
checksum = "f8dcc9c7d52a811697d2151c701e0d08956f92b0e24136cf4cf27b57a6a0d9bf"

[[package]]
name = "rand"
version = "0.9.5"
source = "registry+https://github.com/rust-lang/crates.io-index"
checksum = "b9ef1d0d795eb7d84685bca4f72f3649f064e6641543d3a8c415898726a57b41"
dependencies = [
 "rand_chacha",
 "rand_core",
]

[[package]]
name = "rand_chacha"
version = "0.9.0"
source = "registry+https://github.com/rust-lang/crates.io-index"
checksum = "d3022b5f1df60f26e1ffddd6c66e8aa15de382ae63b3a0c1bfc0e4d3e3f325cb"
dependencies = [
 "ppv-lite86",
 "rand_core",
]

[[package]]
name = "rand_core"
version = "0.9.5"
source = "registry+https://github.com/rust-lang/crates.io-index"
checksum = "76afc826de14238e6e8c374ddcc1fa19e374fd8dd986b0d2af0d02377261d83c"
dependencies = [
 "getrandom 0.3.4",
]

[[package]]
name = "rav1d-disjoint-mut"
version = "0.3.1"
source = "git+https://github.com/imazen/rav1d-safe?rev=66f58fa6a64c689998721cc5cdb16a4698e26eec#66f58fa6a64c689998721cc5cdb16a4698e26eec"
dependencies = [
 "aligned",
 "aligned-vec",
 "zerocopy",
]

[[package]]
name = "rav1d-safe"
version = "0.6.0"
source = "git+https://github.com/imazen/rav1d-safe?rev=66f58fa6a64c689998721cc5cdb16a4698e26eec#66f58fa6a64c689998721cc5cdb16a4698e26eec"
dependencies = [
 "aligned",
 "archmage",
 "assert_matches",
 "atomig",
 "bitflags",
 "cc",
 "cfg-if",
 "enough",
 "nasm-rs",
 "parking_lot",
 "paste",
 "rav1d-disjoint-mut",
 "raw-cpuid",
 "safe_unaligned_simd",
 "strum",
 "to_method",
 "whereat",
 "zerocopy",
]

[[package]]
name = "raw-cpuid"
version = "11.6.0"
source = "registry+https://github.com/rust-lang/crates.io-index"
checksum = "498cd0dc59d73224351ee52a95fee0f1a617a2eae0e7d9d720cc622c73a54186"
dependencies = [
 "bitflags",
]

[[package]]
name = "redox_syscall"
version = "0.5.18"
source = "registry+https://github.com/rust-lang/crates.io-index"
checksum = "ed2bf2547551a7053d6fdfafda3f938979645c44812fbfcda098faae3f1a362d"
dependencies = [
 "bitflags",
]

[[package]]
name = "redox_users"
version = "0.5.2"
source = "registry+https://github.com/rust-lang/crates.io-index"
checksum = "a4e608c6638b9c18977b00b475ac1f28d14e84b27d8d42f70e0bf1e3dec127ac"
dependencies = [
 "getrandom 0.2.17",
 "libredox",
 "thiserror",
]

[[package]]
name = "rgb"
version = "0.8.53"
source = "registry+https://github.com/rust-lang/crates.io-index"
checksum = "47b34b781b31e5d73e9fbc8689c70551fd1ade9a19e3e28cfec8580a79290cc4"
dependencies = [
 "bytemuck",
]

[[package]]
name = "rustix"
version = "1.1.4"
source = "registry+https://github.com/rust-lang/crates.io-index"
checksum = "b6fe4565b9518b83ef4f91bb47ce29620ca828bd32cb7e408f0062e9930ba190"
dependencies = [
 "bitflags",
 "errno",
 "libc",
 "linux-raw-sys",
 "windows-sys 0.61.2",
]

[[package]]
name = "rustversion"
version = "1.0.23"
source = "registry+https://github.com/rust-lang/crates.io-index"
checksum = "cf54715a573b99ac80df0bc206da022bcd442c974952c7b9720069370852e21f"

[[package]]
name = "safe_arch"
version = "1.2.0"
source = "registry+https://github.com/rust-lang/crates.io-index"
checksum = "42c6efa15875e6ecb39ca61fb0b0c1a40b84fac5a5ffe71eef7d1000c8eb3f5f"
dependencies = [
 "bytemuck",
]

[[package]]
name = "safe_unaligned_simd"
version = "0.2.5"
source = "registry+https://github.com/rust-lang/crates.io-index"
checksum = "f9c874fb993656d484725d58fbfddb39dfcf98ebcadc1a1d09568aa6b39bafba"

[[package]]
name = "scopeguard"
version = "1.2.0"
source = "registry+https://github.com/rust-lang/crates.io-index"
checksum = "94143f37725109f92c262ed2cf5e59bce7498c01bcc1502d7b9afe439a4e9f49"

[[package]]
name = "self_cell"
version = "1.3.0"
source = "registry+https://github.com/rust-lang/crates.io-index"
checksum = "2ab42ca02749e120097e328d91d415325bdf43b1c72c4c8badf37375fe40a813"

[[package]]
name = "serde"
version = "1.0.229"
source = "registry+https://github.com/rust-lang/crates.io-index"
checksum = "4148590afebada386688f18773da617792bf2ef03ffc1e4cbd2b1d45b023e0ba"
dependencies = [
 "serde_core",
 "serde_derive",
]

[[package]]
name = "serde_core"
version = "1.0.229"
source = "registry+https://github.com/rust-lang/crates.io-index"
checksum = "67dca2c9c51e58a4791a4b1ed58308b39c64224d349a935ab5039aa360942a48"
dependencies = [
 "serde_derive",
]

[[package]]
name = "serde_derive"
version = "1.0.229"
source = "registry+https://github.com/rust-lang/crates.io-index"
checksum = "e7a5d71263a5a7d47b41f6b3f06ba276f10cc18b0931f1799f710578e2309348"
dependencies = [
 "proc-macro2",
 "quote",
 "syn 3.0.4",
]

[[package]]
name = "serde_json"
version = "1.0.151"
source = "registry+https://github.com/rust-lang/crates.io-index"
checksum = "c841b55ecdae098c80dcae9cf767f6f8a0c2cdb3416bbef72181df4d0fe73f14"
dependencies = [
 "itoa",
 "memchr",
 "serde",
 "serde_core",
 "zmij",
]

[[package]]
name = "shlex"
version = "2.0.1"
source = "registry+https://github.com/rust-lang/crates.io-index"
checksum = "f8fadd59c855ef2080decdef8ff161eb6661b86933c9d82e5ba29dc602a55aba"

[[package]]
name = "simd_helpers"
version = "0.1.0"
source = "registry+https://github.com/rust-lang/crates.io-index"
checksum = "95890f873bec569a0362c235787f3aca6e1e887302ba4840839bcc6459c42da6"
dependencies = [
 "quote",
]

[[package]]
name = "smallvec"
version = "1.15.2"
source = "registry+https://github.com/rust-lang/crates.io-index"
checksum = "8ed6a63f02c8539c91a8685a86f4099661ba3da017932f6ebbea6de3f0fa7c90"

[[package]]
name = "stable_deref_trait"
version = "1.2.1"
source = "registry+https://github.com/rust-lang/crates.io-index"
checksum = "6ce2be8dc25455e1f91df71bfa12ad37d7af1092ae736f3a6cd0e37bc7810596"

[[package]]
name = "strum"
version = "0.28.0"
source = "registry+https://github.com/rust-lang/crates.io-index"
checksum = "9628de9b8791db39ceda2b119bbe13134770b56c138ec1d3af810d045c04f9bd"
dependencies = [
 "strum_macros",
]

[[package]]
name = "strum_macros"
version = "0.28.0"
source = "registry+https://github.com/rust-lang/crates.io-index"
checksum = "ab85eea0270ee17587ed4156089e10b9e6880ee688791d45a905f5b1ca36f664"
dependencies = [
 "heck",
 "proc-macro2",
 "quote",
 "syn 2.0.119",
]

[[package]]
name = "syn"
version = "2.0.119"
source = "registry+https://github.com/rust-lang/crates.io-index"
checksum = "872831b642d1a07999a962a351ed35b955ea2cfc8f3862091e2a240a84f17297"
dependencies = [
 "proc-macro2",
 "quote",
 "unicode-ident",
]

[[package]]
name = "syn"
version = "3.0.4"
source = "registry+https://github.com/rust-lang/crates.io-index"
checksum = "e6275cddf4610d1775e6d1fe9469b2e77d0f39fd98fb7450901b821e0c53649f"
dependencies = [
 "proc-macro2",
 "quote",
 "unicode-ident",
]

[[package]]
name = "thiserror"
version = "2.0.20"
source = "registry+https://github.com/rust-lang/crates.io-index"
checksum = "ec86235f5fcc2a73650310756d2ac5b138a5780bbbdfae3eeccec992c435ba4f"
dependencies = [
 "thiserror-impl",
]

[[package]]
name = "thiserror-impl"
version = "2.0.20"
source = "registry+https://github.com/rust-lang/crates.io-index"
checksum = "bc04cd3e1236dd4a98afca4569f2deb3f120e5422a4023be2cb683f8486292af"
dependencies = [
 "proc-macro2",
 "quote",
 "syn 3.0.4",
]

[[package]]
name = "tinyvec"
version = "1.12.0"
source = "registry+https://github.com/rust-lang/crates.io-index"
checksum = "bb4ebadaa0af04fab11ae01eb5f9fdb5f9c5b875506e210e71c07873528baa7f"
dependencies = [
 "tinyvec_macros",
]

[[package]]
name = "tinyvec_macros"
version = "0.1.1"
source = "registry+https://github.com/rust-lang/crates.io-index"
checksum = "1f3ccbac311fea05f86f61904b462b55fb3df8837a366dfc601a0161d0532f20"

[[package]]
name = "to_method"
version = "1.1.0"
source = "registry+https://github.com/rust-lang/crates.io-index"
checksum = "c7c4ceeeca15c8384bbc3e011dbd8fccb7f068a440b752b7d9b32ceb0ca0e2e8"

[[package]]
name = "ultrahdr-core"
version = "0.5.0"
source = "registry+https://github.com/rust-lang/crates.io-index"
checksum = "1d65bd22a90785bb7360076b599ffbc201aef2c5817d2e5f37f37357829d476e"
dependencies = [
 "bytemuck",
 "enough",
 "half",
 "linear-srgb",
 "thiserror",
 "wide",
 "zencodec",
 "zenpixels",
]

[[package]]
name = "ultrahdr-core"
version = "0.6.0"
dependencies = [
 "archmage",
 "bytemuck",
 "enough",
 "half",
 "linear-srgb",
 "magetypes",
 "thiserror",
 "whereat",
 "zencodec",
 "zenpixels",
 "zenpixels-convert",
 "zentone",
]

[[package]]
name = "unicode-ident"
version = "1.0.24"
source = "registry+https://github.com/rust-lang/crates.io-index"
checksum = "e6e4313cd5fcd3dad5cafa179702e2b244f760991f45397d14d4ebf38247da75"

[[package]]
name = "v_frame"
version = "0.3.9"
source = "registry+https://github.com/rust-lang/crates.io-index"
checksum = "666b7727c8875d6ab5db9533418d7c764233ac9c0cff1d469aec8fa127597be2"
dependencies = [
 "aligned-vec",
 "num-traits",
 "wasm-bindgen",
]

[[package]]
name = "wasi"
version = "0.11.1+wasi-snapshot-preview1"
source = "registry+https://github.com/rust-lang/crates.io-index"
checksum = "ccf3ec651a847eb01de73ccad15eb7d99f80485de043efb2f370cd654f4ea44b"

[[package]]
name = "wasip2"
version = "1.0.4+wasi-0.2.12"
source = "registry+https://github.com/rust-lang/crates.io-index"
checksum = "b67efb37e106e55ce722a510d6b5f9c17f083e5fc79afc2badeb12cc313d9487"
dependencies = [
 "wit-bindgen",
]

[[package]]
name = "wasm-bindgen"
version = "0.2.127"
source = "registry+https://github.com/rust-lang/crates.io-index"
checksum = "1b70935747edd64d89de3efa29d73789b806c15798f8e7dca4d8ac356b50ce70"
dependencies = [
 "cfg-if",
 "once_cell",
 "rustversion",
 "wasm-bindgen-macro",
 "wasm-bindgen-shared",
]

[[package]]
name = "wasm-bindgen-macro"
version = "0.2.127"
source = "registry+https://github.com/rust-lang/crates.io-index"
checksum = "77775f8f3f7217702089053b94958f8f54061a3f663417df76e19cbdcca29bc1"
dependencies = [
 "quote",
 "wasm-bindgen-macro-support",
]

[[package]]
name = "wasm-bindgen-macro-support"
version = "0.2.127"
source = "registry+https://github.com/rust-lang/crates.io-index"
checksum = "e11d33f857dc2fb11b8bc75aee111aa9cbeb12cd9f25efd3d4c2a3dd4e235284"
dependencies = [
 "bumpalo",
 "proc-macro2",
 "quote",
 "syn 2.0.119",
 "wasm-bindgen-shared",
]

[[package]]
name = "wasm-bindgen-shared"
version = "0.2.127"
source = "registry+https://github.com/rust-lang/crates.io-index"
checksum = "7ef64dbcc55df09c7e5a46182d181c2cfa3e925f3da937ea764728b4bbb9dcbf"
dependencies = [
 "unicode-ident",
]

[[package]]
name = "weezl"
version = "0.1.12"
source = "registry+https://github.com/rust-lang/crates.io-index"
checksum = "a28ac98ddc8b9274cb41bb4d9d4d5c425b6020c50c46f25559911905610b4a88"

[[package]]
name = "whereat"
version = "0.1.5"
source = "registry+https://github.com/rust-lang/crates.io-index"
checksum = "ab90f361db038ba3135da12c938c328fb43a012992101879e3d6ebccb4d7eba8"

[[package]]
name = "wide"
version = "1.7.0"
source = "registry+https://github.com/rust-lang/crates.io-index"
checksum = "8cf05ca94c9fba0c51316899caa1d1e74a064fc310a5efa7375e614343d415be"
dependencies = [
 "bytemuck",
 "safe_arch",
]

[[package]]
name = "winarm-cpufeatures"
version = "0.1.2"
source = "registry+https://github.com/rust-lang/crates.io-index"
checksum = "d107c80dd656e1a2c254dfb1d57ece73b7f515b8a8684c270c23cab68f4a440d"

[[package]]
name = "windows-link"
version = "0.2.1"
source = "registry+https://github.com/rust-lang/crates.io-index"
checksum = "f0805222e57f7521d6a62e36fa9163bc891acd422f971defe97d64e70d0a4fe5"

[[package]]
name = "windows-sys"
version = "0.59.0"
source = "registry+https://github.com/rust-lang/crates.io-index"
checksum = "1e38bc4d79ed67fd075bcc251a1c39b32a1776bbe92e5bef1f0bf1f8c531853b"
dependencies = [
 "windows-targets",
]

[[package]]
name = "windows-sys"
version = "0.61.2"
source = "registry+https://github.com/rust-lang/crates.io-index"
checksum = "ae137229bcbd6cdf0f7b80a31df61766145077ddf49416a728b02cb3921ff3fc"
dependencies = [
 "windows-link",
]

[[package]]
name = "windows-targets"
version = "0.52.6"
source = "registry+https://github.com/rust-lang/crates.io-index"
checksum = "9b724f72796e036ab90c1021d4780d4d3d648aca59e491e6b98e725b84e99973"
dependencies = [
 "windows_aarch64_gnullvm",
 "windows_aarch64_msvc",
 "windows_i686_gnu",
 "windows_i686_gnullvm",
 "windows_i686_msvc",
 "windows_x86_64_gnu",
 "windows_x86_64_gnullvm",
 "windows_x86_64_msvc",
]

[[package]]
name = "windows_aarch64_gnullvm"
version = "0.52.6"
source = "registry+https://github.com/rust-lang/crates.io-index"
checksum = "32a4622180e7a0ec044bb555404c800bc9fd9ec262ec147edd5989ccd0c02cd3"

[[package]]
name = "windows_aarch64_msvc"
version = "0.52.6"
source = "registry+https://github.com/rust-lang/crates.io-index"
checksum = "09ec2a7bb152e2252b53fa7803150007879548bc709c039df7627cabbd05d469"

[[package]]
name = "windows_i686_gnu"
version = "0.52.6"
source = "registry+https://github.com/rust-lang/crates.io-index"
checksum = "8e9b5ad5ab802e97eb8e295ac6720e509ee4c243f69d781394014ebfe8bbfa0b"

[[package]]
name = "windows_i686_gnullvm"
version = "0.52.6"
source = "registry+https://github.com/rust-lang/crates.io-index"
checksum = "0eee52d38c090b3caa76c563b86c3a4bd71ef1a819287c19d586d7334ae8ed66"

[[package]]
name = "windows_i686_msvc"
version = "0.52.6"
source = "registry+https://github.com/rust-lang/crates.io-index"
checksum = "240948bc05c5e7c6dabba28bf89d89ffce3e303022809e73deaefe4f6ec56c66"

[[package]]
name = "windows_x86_64_gnu"
version = "0.52.6"
source = "registry+https://github.com/rust-lang/crates.io-index"
checksum = "147a5c80aabfbf0c7d901cb5895d1de30ef2907eb21fbbab29ca94c5b08b1a78"

[[package]]
name = "windows_x86_64_gnullvm"
version = "0.52.6"
source = "registry+https://github.com/rust-lang/crates.io-index"
checksum = "24d5b23dc417412679681396f2b49f3de8c1473deb516bd34410872eff51ed0d"

[[package]]
name = "windows_x86_64_msvc"
version = "0.52.6"
source = "registry+https://github.com/rust-lang/crates.io-index"
checksum = "589f6da84c646204747d1270a2a5661ea66ed1cced2631d546fdfb155959f9ec"

[[package]]
name = "wit-bindgen"
version = "0.57.1"
source = "registry+https://github.com/rust-lang/crates.io-index"
checksum = "1ebf944e87a7c253233ad6766e082e3cd714b5d03812acc24c318f549614536e"

[[package]]
name = "yuv"
version = "0.8.17"
source = "registry+https://github.com/rust-lang/crates.io-index"
checksum = "220655e1c245693beb13b377d3174b9efcb1645018d1d4ec53903fc211b135ae"
dependencies = [
 "num-traits",
]

[[package]]
name = "zenanalyze"
version = "0.2.0"
dependencies = [
 "archmage",
 "garb",
 "linear-srgb",
 "magetypes",
 "zenpixels",
 "zenpixels-convert",
]

[[package]]
name = "zenavif"
version = "0.1.7"
dependencies = [
 "almost-enough",
 "archmage",
 "bytemuck",
 "enough",
 "imgref",
 "linear-srgb",
 "log",
 "magetypes",
 "rav1d-safe",
 "rgb",
 "safe_unaligned_simd",
 "thiserror",
 "ultrahdr-core 0.5.0",
 "whereat",
 "yuv",
 "zenavif-parse 0.7.0",
 "zencodec",
 "zenpixels",
 "zenpixels-convert",
 "zenravif",
]

[[package]]
name = "zenavif-parse"
version = "0.7.0"
dependencies = [
 "arrayvec",
 "bitreader",
 "byteorder",
 "enough",
 "fallible_collections",
 "leb128",
 "log",
 "whereat",
 "zencodec",
]

[[package]]
name = "zenavif-parse"
version = "0.7.0"
source = "git+https://github.com/imazen/zenavif?rev=11033c957df69dcf37a6820032ed2a64f2f6f213#11033c957df69dcf37a6820032ed2a64f2f6f213"
dependencies = [
 "arrayvec",
 "bitreader",
 "byteorder",
 "enough",
 "fallible_collections",
 "leb128",
 "log",
 "whereat",
 "zencodec",
]

[[package]]
name = "zenavif-serialize"
version = "0.2.0"
source = "git+https://github.com/imazen/zenavif-serialize?rev=990bd6d025ece47da74cbd74c245302bd45bbf8e#990bd6d025ece47da74cbd74c245302bd45bbf8e"
dependencies = [
 "arrayvec",
 "whereat",
]

[[package]]
name = "zenbitmaps"
version = "0.2.0"
dependencies = [
 "enough",
 "imgref",
 "rgb",
 "thiserror",
 "whereat",
 "zencodec",
 "zenpixels",
 "zenpixels-convert",
]

[[package]]
name = "zencodec"
version = "0.1.26"
source = "registry+https://github.com/rust-lang/crates.io-index"
checksum = "be4b0d4108a8f062c85090bf8d0e6dd00fea976ffacc0e4f3cb6b03284a75531"
dependencies = [
 "almost-enough",
 "enough",
 "whereat",
 "zenpixels",
]

[[package]]
name = "zencodecs"
version = "0.1.0"
dependencies = [
 "bytemuck",
 "enough",
 "imgref",
 "linear-srgb",
 "moxcms",
 "rgb",
 "thiserror",
 "ultrahdr-core 0.6.0",
 "whereat",
 "zenavif",
 "zenavif-parse 0.7.0 (git+https://github.com/imazen/zenavif?rev=11033c957df69dcf37a6820032ed2a64f2f6f213)",
 "zenbitmaps",
 "zencodec",
 "zengif",
 "zenjpeg",
 "zenjxl",
 "zenpixels",
 "zenpixels-convert",
 "zenpng",
 "zenwebp",
]

[[package]]
name = "zencodecs-fuzz"
version = "0.0.0"
dependencies = [
 "arbitrary",
 "codec-corpus",
 "enough",
 "libfuzzer-sys",
 "zencodec",
 "zencodecs",
 "zenpixels",
]

[[package]]
name = "zenflate"
version = "0.3.6"
source = "registry+https://github.com/rust-lang/crates.io-index"
checksum = "8409543ad469f954834da58409f0d9c463156f01cfaf8a8a03fe277c73b1e0f5"
dependencies = [
 "archmage",
 "enough",
 "libm",
]

[[package]]
name = "zengif"
version = "0.8.0"
source = "git+https://github.com/imazen/zengif#510e7a884b91e4cd573a09efa1086626e13f0576"
dependencies = [
 "bytemuck",
 "enough",
 "garb",
 "gif",
 "linear-srgb",
 "rgb",
 "thiserror",
 "whereat",
 "zencodec",
 "zenpixels",
 "zenquant",
]

[[package]]
name = "zenjpeg"
version = "0.9.0"
dependencies = [
 "aligned-vec",
 "archmage",
 "bytemuck",
 "enough",
 "garb",
 "half",
 "imgref",
 "linear-srgb",
 "magetypes",
 "memchr",
 "rgb",
 "safe_unaligned_simd",
 "thiserror",
 "tinyvec",
 "ultrahdr-core 0.6.0",
 "whereat",
 "zenanalyze",
 "zencodec",
 "zenpixels",
 "zenpixels-convert",
 "zentone",
 "zenyuv 0.1.3",
]

[[package]]
name = "zenjxl"
version = "0.3.0"
source = "git+https://github.com/imazen/zenjxl#f0efd6dc6861b037b64f6d5ad62ae4e11c576a9f"
dependencies = [
 "enough",
 "imgref",
 "linear-srgb",
 "rgb",
 "thiserror",
 "whereat",
 "zencodec",
 "zenjxl-decoder",
 "zenpixels",
 "zenpixels-convert",
]

[[package]]
name = "zenjxl-decoder"
version = "0.4.0"
source = "git+https://github.com/imazen/zenjxl-decoder#882adbb214c75c648536171d735c958811014cfe"
dependencies = [
 "aligned-vec",
 "array-init",
 "atomic_refcell",
 "bytemuck",
 "byteorder",
 "enough",
 "num-derive",
 "num-traits",
 "paste",
 "smallvec",
 "thiserror",
 "whereat",
 "zenjxl-decoder-macros",
 "zenjxl-decoder-simd",
]

[[package]]
name = "zenjxl-decoder-macros"
version = "0.3.9"
source = "git+https://github.com/imazen/zenjxl-decoder#882adbb214c75c648536171d735c958811014cfe"
dependencies = [
 "proc-macro2",
 "quote",
 "syn 2.0.119",
]

[[package]]
name = "zenjxl-decoder-simd"
version = "0.3.9"
source = "git+https://github.com/imazen/zenjxl-decoder#882adbb214c75c648536171d735c958811014cfe"
dependencies = [
 "archmage",
 "paste",
]

[[package]]
name = "zenpixels"
version = "0.2.16"
source = "registry+https://github.com/rust-lang/crates.io-index"
checksum = "5851fd39b312749a3c367a0cd3522bd95d43276cfa613e9c18df748447cef3a8"
dependencies = [
 "bytemuck",
 "imgref",
 "rgb",
 "whereat",
]

[[package]]
name = "zenpixels-convert"
version = "0.2.16"
source = "registry+https://github.com/rust-lang/crates.io-index"
checksum = "cf516a64a98f08fa2aa19e86f1389e49894f750441044d65369687cf88a1b8dd"
dependencies = [
 "archmage",
 "bytemuck",
 "garb",
 "libm",
 "linear-srgb",
 "lz4_flex",
 "magetypes",
 "once_cell",
 "paste",
 "rgb",
 "whereat",
 "zenpixels",
]

[[package]]
name = "zenpng"
version = "0.2.0"
source = "git+https://github.com/imazen/zenpng#637d8ef06ff30b766b31cf8aa8993fa85619b864"
dependencies = [
 "almost-enough",
 "archmage",
 "bytemuck",
 "enough",
 "imgref",
 "linear-srgb",
 "magetypes",
 "memchr",
 "rgb",
 "safe_unaligned_simd",
 "thiserror",
 "whereat",
 "zencodec",
 "zenflate",
 "zenpixels",
 "zenpixels-convert",
 "zenquant",
]

[[package]]
name = "zenquant"
version = "0.1.3"
source = "registry+https://github.com/rust-lang/crates.io-index"
checksum = "440257260e03abacc233712332cd164f59afb98e8385e49ca5a0581ef0c7269d"
dependencies = [
 "archmage",
 "imgref",
 "linear-srgb",
 "magetypes",
 "num-traits",
 "rgb",
 "thiserror",
]

[[package]]
name = "zenrav1e"
version = "0.2.0"
source = "git+https://github.com/imazen/zenrav1e?rev=e4883037553434efb57ecbf4414c8b49922ba3e4#e4883037553434efb57ecbf4414c8b49922ba3e4"
dependencies = [
 "aligned-vec",
 "arbitrary",
 "arg_enum_proc_macro",
 "arrayvec",
 "av1-grain",
 "bitstream-io",
 "built",
 "cfg-if",
 "enough",
 "interpolate_name",
 "itertools",
 "libfuzzer-sys",
 "log",
 "maybe-rayon",
 "noop_proc_macro",
 "num-derive",
 "num-traits",
 "pastey",
 "profiling",
 "rand",
 "rand_chacha",
 "simd_helpers",
 "thiserror",
 "v_frame",
 "wasm-bindgen",
 "whereat",
]

[[package]]
name = "zenravif"
version = "0.2.0"
source = "git+https://github.com/imazen/cavif-rs?rev=f6c883b6e7395fad67c87ddab676c4df59575a41#f6c883b6e7395fad67c87ddab676c4df59575a41"
dependencies = [
 "almost-enough",
 "imgref",
 "loop9",
 "quick-error",
 "rgb",
 "whereat",
 "zenavif-serialize",
 "zenrav1e",
]

[[package]]
name = "zentone"
version = "0.1.0"
source = "registry+https://github.com/rust-lang/crates.io-index"
checksum = "9c602cc9010340287fd4ffcb2cd1ae9f6a665d37db59f0b9578352788cf8b304"
dependencies = [
 "archmage",
 "libm",
 "linear-srgb",
 "magetypes",
]

[[package]]
name = "zenwebp"
version = "0.5.0"
source = "git+https://github.com/imazen/zenwebp#aa8d67dbc66a940bc0887842b14589dd46a0cbac"
dependencies = [
 "archmage",
 "bytemuck",
 "byteorder-lite",
 "enough",
 "garb",
 "hashbrown",
 "libm",
 "linear-srgb",
 "magetypes",
 "rgb",
 "self_cell",
 "thiserror",
 "whereat",
 "zencodec",
 "zenpixels",
 "zenpixels-convert",
 "zenyuv 0.1.3 (registry+https://github.com/rust-lang/crates.io-index)",
]

[[package]]
name = "zenyuv"
version = "0.1.3"
dependencies = [
 "archmage",
 "libm",
 "linear-srgb",
 "magetypes",
 "safe_unaligned_simd",
]

[[package]]
name = "zenyuv"
version = "0.1.3"
source = "registry+https://github.com/rust-lang/crates.io-index"
checksum = "6eca8f745696b57918b5529772fa7d0c112a07c86269277928bae2fd1d7aabae"
dependencies = [
 "archmage",
 "libm",
 "linear-srgb",
 "magetypes",
 "safe_unaligned_simd",
]

[[package]]
name = "zerocopy"
version = "0.8.56"
source = "registry+https://github.com/rust-lang/crates.io-index"
checksum = "556764e583adb45a9f8d413c2a147fa7e8d821e48e12b14fd560b607998b75eb"
dependencies = [
 "zerocopy-derive",
]

[[package]]
name = "zerocopy-derive"
version = "0.8.56"
source = "registry+https://github.com/rust-lang/crates.io-index"
checksum = "f2ab42fc20575779bd240faa45f94a74256f755c0fa9e89f0ede20d91d0cdfc1"
dependencies = [
 "proc-macro2",
 "quote",
 "syn 2.0.119",
]

[[package]]
name = "zmij"
version = "1.0.23"
source = "registry+https://github.com/rust-lang/crates.io-index"
checksum = "29666d0abbfad1e3dc4dcf6144730dd3a3ab225bbbdac83319345b1b44ccfc1b"
